
Microsoft Visual Studio Solution File, Format Version 12.00
# Visual Studio Version 17
VisualStudioVersion = 17.0.31903.59
MinimumVisualStudioVersion = 10.0.40219.1
Project("{2150E333-8FDC-42A3-9474-1A3956D46DE8}") = "src", "src", "{827E0CD3-B72D-47B6-A68D-7590B98EB39B}"
EndProject
Project("{FAE04EC0-301F-11D3-BF4B-00C04F79EFBC}") = "EdgeRetails.Domain", "src\EdgeRetails.Domain\EdgeRetails.Domain.csproj", "{8E280BD0-5F0B-4DAF-B2A3-9669D7550EFB}"
EndProject
Project("{FAE04EC0-301F-11D3-BF4B-00C04F79EFBC}") = "EdgeRetails.Application", "src\EdgeRetails.Application\EdgeRetails.Application.csproj", "{7B57EAF2-7F57-440D-A4CD-DD17B4325816}"
EndProject
Project("{FAE04EC0-301F-11D3-BF4B-00C04F79EFBC}") = "EdgeRetails.Infrastructure", "src\EdgeRetails.Infrastructure\EdgeRetails.Infrastructure.csproj", "{62866989-8273-4768-8165-80D629E53071}"
EndProject
Project("{FAE04EC0-301F-11D3-BF4B-00C04F79EFBC}") = "EdgeRetails.Desktop", "src\EdgeRetails.Desktop\EdgeRetails.Desktop.csproj", "{627B4411-73F6-4BE2-B825-A4E5A900B3B5}"
EndProject
Project("{FAE04EC0-301F-11D3-BF4B-00C04F79EFBC}") = "EdgeRetails.Worker", "src\EdgeRetails.Worker\EdgeRetails.Worker.csproj", "{C5D471B4-CE1F-4A5F-9B40-AEC35F784604}"
EndProject
Project("{2150E333-8FDC-42A3-9474-1A3956D46DE8}") = "tests", "tests", "{0AB3BF05-4346-4AA6-1389-037BE0695223}"
EndProject
Project("{FAE04EC0-301F-11D3-BF4B-00C04F79EFBC}") = "EdgeRetails.UnitTests", "tests\EdgeRetails.UnitTests\EdgeRetails.UnitTests.csproj", "{8CAD155F-7715-4CD5-8912-25A7D5096BA8}"
EndProject
Project("{FAE04EC0-301F-11D3-BF4B-00C04F79EFBC}") = "EdgeRetails.IntegrationTests", "tests\EdgeRetails.IntegrationTests\EdgeRetails.IntegrationTests.csproj", "{BFE7BED9-5E80-4A5E-847B-DD1AD148B899}"
EndProject
Global
	GlobalSection(SolutionConfigurationPlatforms) = preSolution
		Debug|Any CPU = Debug|Any CPU
		Debug|x64 = Debug|x64
		Debug|x86 = Debug|x86
		Release|Any CPU = Release|Any CPU
		Release|x64 = Release|x64
		Release|x86 = Release|x86
	EndGlobalSection
	GlobalSection(ProjectConfigurationPlatforms) = postSolution
		{8E280BD0-5F0B-4DAF-B2A3-9669D7550EFB}.Debug|Any CPU.ActiveCfg = Debug|Any CPU
		{8E280BD0-5F0B-4DAF-B2A3-9669D7550EFB}.Debug|Any CPU.Build.0 = Debug|Any CPU
		{8E280BD0-5F0B-4DAF-B2A3-9669D7550EFB}.Debug|x64.ActiveCfg = Debug|Any CPU
		{8E280BD0-5F0B-4DAF-B2A3-9669D7550EFB}.Debug|x64.Build.0 = Debug|Any CPU
		{8E280BD0-5F0B-4DAF-B2A3-9669D7550EFB}.Debug|x86.ActiveCfg = Debug|Any CPU
		{8E280BD0-5F0B-4DAF-B2A3-9669D7550EFB}.Debug|x86.Build.0 = Debug|Any CPU
		{8E280BD0-5F0B-4DAF-B2A3-9669D7550EFB}.Release|Any CPU.ActiveCfg = Release|Any CPU
		{8E280BD0-5F0B-4DAF-B2A3-9669D7550EFB}.Release|Any CPU.Build.0 = Release|Any CPU
		{8E280BD0-5F0B-4DAF-B2A3-9669D7550EFB}.Release|x64.ActiveCfg = Release|Any CPU
		{8E280BD0-5F0B-4DAF-B2A3-9669D7550EFB}.Release|x64.Build.0 = Release|Any CPU
		{8E280BD0-5F0B-4DAF-B2A3-9669D7550EFB}.Release|x86.ActiveCfg = Release|Any CPU
		{8E280BD0-5F0B-4DAF-B2A3-9669D7550EFB}.Release|x86.Build.0 = Release|Any CPU
		{7B57EAF2-7F57-440D-A4CD-DD17B4325816}.Debug|Any CPU.ActiveCfg = Debug|Any CPU
		{7B57EAF2-7F57-440D-A4CD-DD17B4325816}.Debug|Any CPU.Build.0 = Debug|Any CPU
		{7B57EAF2-7F57-440D-A4CD-DD17B4325816}.Debug|x64.ActiveCfg = Debug|Any CPU
		{7B57EAF2-7F57-440D-A4CD-DD17B4325816}.Debug|x64.Build.0 = Debug|Any CPU
		{7B57EAF2-7F57-440D-A4CD-DD17B4325816}.Debug|x86.ActiveCfg = Debug|Any CPU
		{7B57EAF2-7F57-440D-A4CD-DD17B4325816}.Debug|x86.Build.0 = Debug|Any CPU
		{7B57EAF2-7F57-440D-A4CD-DD17B4325816}.Release|Any CPU.ActiveCfg = Release|Any CPU
		{7B57EAF2-7F57-440D-A4CD-DD17B4325816}.Release|Any CPU.Build.0 = Release|Any CPU
		{7B57EAF2-7F57-440D-A4CD-DD17B4325816}.Release|x64.ActiveCfg = Release|Any CPU
		{7B57EAF2-7F57-440D-A4CD-DD17B4325816}.Release|x64.Build.0 = Release|Any CPU
		{7B57EAF2-7F57-440D-A4CD-DD17B4325816}.Release|x86.ActiveCfg = Release|Any CPU
		{7B57EAF2-7F57-440D-A4CD-DD17B4325816}.Release|x86.Build.0 = Release|Any CPU
		{62866989-8273-4768-8165-80D629E53071}.Debug|Any CPU.ActiveCfg = Debug|Any CPU
		{62866989-8273-4768-8165-80D629E53071}.Debug|Any CPU.Build.0 = Debug|Any CPU
		{62866989-8273-4768-8165-80D629E53071}.Debug|x64.ActiveCfg = Debug|Any CPU
		{62866989-8273-4768-8165-80D629E53071}.Debug|x64.Build.0 = Debug|Any CPU
		{62866989-8273-4768-8165-80D629E53071}.Debug|x86.ActiveCfg = Debug|Any CPU
		{62866989-8273-4768-8165-80D629E53071}.Debug|x86.Build.0 = Debug|Any CPU
		{62866989-8273-4768-8165-80D629E53071}.Release|Any CPU.ActiveCfg = Release|Any CPU
		{62866989-8273-4768-8165-80D629E53071}.Release|Any CPU.Build.0 = Release|Any CPU
		{62866989-8273-4768-8165-80D629E53071}.Release|x64.ActiveCfg = Release|Any CPU
		{62866989-8273-4768-8165-80D629E53071}.Release|x64.Build.0 = Release|Any CPU
		{62866989-8273-4768-8165-80D629E53071}.Release|x86.ActiveCfg = Release|Any CPU
		{62866989-8273-4768-8165-80D629E53071}.Release|x86.Build.0 = Release|Any CPU
		{627B4411-73F6-4BE2-B825-A4E5A900B3B5}.Debug|Any CPU.ActiveCfg = Debug|Any CPU
		{627B4411-73F6-4BE2-B825-A4E5A900B3B5}.Debug|Any CPU.Build.0 = Debug|Any CPU
		{627B4411-73F6-4BE2-B825-A4E5A900B3B5}.Debug|x64.ActiveCfg = Debug|Any CPU
		{627B4411-73F6-4BE2-B825-A4E5A900B3B5}.Debug|x64.Build.0 = Debug|Any CPU
		{627B4411-73F6-4BE2-B825-A4E5A900B3B5}.Debug|x86.ActiveCfg = Debug|Any CPU
		{627B4411-73F6-4BE2-B825-A4E5A900B3B5}.Debug|x86.Build.0 = Debug|Any CPU
		{627B4411-73F6-4BE2-B825-A4E5A900B3B5}.Release|Any CPU.ActiveCfg = Release|Any CPU
		{627B4411-73F6-4BE2-B825-A4E5A900B3B5}.Release|Any CPU.Build.0 = Release|Any CPU
		{627B4411-73F6-4BE2-B825-A4E5A900B3B5}.Release|x64.ActiveCfg = Release|Any CPU
		{627B4411-73F6-4BE2-B825-A4E5A900B3B5}.Release|x64.Build.0 = Release|Any CPU
		{627B4411-73F6-4BE2-B825-A4E5A900B3B5}.Release|x86.ActiveCfg = Release|Any CPU
		{627B4411-73F6-4BE2-B825-A4E5A900B3B5}.Release|x86.Build.0 = Release|Any CPU
		{C5D471B4-CE1F-4A5F-9B40-AEC35F784604}.Debug|Any CPU.ActiveCfg = Debug|Any CPU
		{C5D471B4-CE1F-4A5F-9B40-AEC35F784604}.Debug|Any CPU.Build.0 = Debug|Any CPU
		{C5D471B4-CE1F-4A5F-9B40-AEC35F784604}.Debug|x64.ActiveCfg = Debug|Any CPU
		{C5D471B4-CE1F-4A5F-9B40-AEC35F784604}.Debug|x64.Build.0 = Debug|Any CPU
		{C5D471B4-CE1F-4A5F-9B40-AEC35F784604}.Debug|x86.ActiveCfg = Debug|Any CPU
		{C5D471B4-CE1F-4A5F-9B40-AEC35F784604}.Debug|x86.Build.0 = Debug|Any CPU
		{C5D471B4-CE1F-4A5F-9B40-AEC35F784604}.Release|Any CPU.ActiveCfg = Release|Any CPU
		{C5D471B4-CE1F-4A5F-9B40-AEC35F784604}.Release|Any CPU.Build.0 = Release|Any CPU
		{C5D471B4-CE1F-4A5F-9B40-AEC35F784604}.Release|x64.ActiveCfg = Release|Any CPU
		{C5D471B4-CE1F-4A5F-9B40-AEC35F784604}.Release|x64.Build.0 = Release|Any CPU
		{C5D471B4-CE1F-4A5F-9B40-AEC35F784604}.Release|x86.ActiveCfg = Release|Any CPU
		{C5D471B4-CE1F-4A5F-9B40-AEC35F784604}.Release|x86.Build.0 = Release|Any CPU
		{8CAD155F-7715-4CD5-8912-25A7D5096BA8}.Debug|Any CPU.ActiveCfg = Debug|Any CPU
		{8CAD155F-7715-4CD5-8912-25A7D5096BA8}.Debug|Any CPU.Build.0 = Debug|Any CPU
		{8CAD155F-7715-4CD5-8912-25A7D5096BA8}.Debug|x64.ActiveCfg = Debug|Any CPU
		{8CAD155F-7715-4CD5-8912-25A7D5096BA8}.Debug|x64.Build.0 = Debug|Any CPU
		{8CAD155F-7715-4CD5-8912-25A7D5096BA8}.Debug|x86.ActiveCfg = Debug|Any CPU
		{8CAD155F-7715-4CD5-8912-25A7D5096BA8}.Debug|x86.Build.0 = Debug|Any CPU
		{8CAD155F-7715-4CD5-8912-25A7D5096BA8}.Release|Any CPU.ActiveCfg = Release|Any CPU
		{8CAD155F-7715-4CD5-8912-25A7D5096BA8}.Release|Any CPU.Build.0 = Release|Any CPU
		{8CAD155F-7715-4CD5-8912-25A7D5096BA8}.Release|x64.ActiveCfg = Release|Any CPU
		{8CAD155F-7715-4CD5-8912-25A7D5096BA8}.Release|x64.Build.0 = Release|Any CPU
		{8CAD155F-7715-4CD5-8912-25A7D5096BA8}.Release|x86.ActiveCfg = Release|Any CPU
		{8CAD155F-7715-4CD5-8912-25A7D5096BA8}.Release|x86.Build.0 = Release|Any CPU
		{BFE7BED9-5E80-4A5E-847B-DD1AD148B899}.Debug|Any CPU.ActiveCfg = Debug|Any CPU
		{BFE7BED9-5E80-4A5E-847B-DD1AD148B899}.Debug|Any CPU.Build.0 = Debug|Any CPU
		{BFE7BED9-5E80-4A5E-847B-DD1AD148B899}.Debug|x64.ActiveCfg = Debug|Any CPU
		{BFE7BED9-5E80-4A5E-847B-DD1AD148B899}.Debug|x64.Build.0 = Debug|Any CPU
		{BFE7BED9-5E80-4A5E-847B-DD1AD148B899}.Debug|x86.ActiveCfg = Debug|Any CPU
		{BFE7BED9-5E80-4A5E-847B-DD1AD148B899}.Debug|x86.Build.0 = Debug|Any CPU
		{BFE7BED9-5E80-4A5E-847B-DD1AD148B899}.Release|Any CPU.ActiveCfg = Release|Any CPU
		{BFE7BED9-5E80-4A5E-847B-DD1AD148B899}.Release|Any CPU.Build.0 = Release|Any CPU
		{BFE7BED9-5E80-4A5E-847B-DD1AD148B899}.Release|x64.ActiveCfg = Release|Any CPU
		{BFE7BED9-5E80-4A5E-847B-DD1AD148B899}.Release|x64.Build.0 = Release|Any CPU
		{BFE7BED9-5E80-4A5E-847B-DD1AD148B899}.Release|x86.ActiveCfg = Release|Any CPU
		{BFE7BED9-5E80-4A5E-847B-DD1AD148B899}.Release|x86.Build.0 = Release|Any CPU
	EndGlobalSection
	GlobalSection(SolutionProperties) = preSolution
		HideSolutionNode = FALSE
	EndGlobalSection
	GlobalSection(NestedProjects) = preSolution
		{8E280BD0-5F0B-4DAF-B2A3-9669D7550EFB} = {827E0CD3-B72D-47B6-A68D-7590B98EB39B}
		{7B57EAF2-7F57-440D-A4CD-DD17B4325816} = {827E0CD3-B72D-47B6-A68D-7590B98EB39B}
		{62866989-8273-4768-8165-80D629E53071} = {827E0CD3-B72D-47B6-A68D-7590B98EB39B}
		{627B4411-73F6-4BE2-B825-A4E5A900B3B5} = {827E0CD3-B72D-47B6-A68D-7590B98EB39B}
		{C5D471B4-CE1F-4A5F-9B40-AEC35F784604} = {827E0CD3-B72D-47B6-A68D-7590B98EB39B}
		{8CAD155F-7715-4CD5-8912-25A7D5096BA8} = {0AB3BF05-4346-4AA6-1389-037BE0695223}
		{BFE7BED9-5E80-4A5E-847B-DD1AD148B899} = {0AB3BF05-4346-4AA6-1389-037BE0695223}
	EndGlobalSection
EndGlobal
